
Microsoft Visual Studio Solution File, Format Version 12.00
# Visual Studio Version 17
VisualStudioVersion = 17.14.36109.1 d17.14
MinimumVisualStudioVersion = 10.0.40219.1
Project("{FAE04EC0-301F-11D3-BF4B-00C04F79EFBC}") = "WebApplication1", "WebApplication1\WebApplication1.csproj", "{30517B77-05DE-4383-92C7-EFC1EA091594}"
EndProject
Global
	GlobalSection(SolutionConfigurationPlatforms) = preSolution
		Debug|Any CPU = Debug|Any CPU
		Release|Any CPU = Release|Any CPU
	EndGlobalSection
	GlobalSection(ProjectConfigurationPlatforms) = postSolution
		{30517B77-05DE-4383-92C7-EFC1EA091594}.Debug|Any CPU.ActiveCfg = Debug|Any CPU
		{30517B77-05DE-4383-92C7-EFC1EA091594}.Debug|Any CPU.Build.0 = Debug|Any CPU
		{30517B77-05DE-4383-92C7-EFC1EA091594}.Release|Any CPU.ActiveCfg = Release|Any CPU
		{30517B77-05DE-4383-92C7-EFC1EA091594}.Release|Any CPU.Build.0 = Release|Any CPU
	EndGlobalSection
	GlobalSection(SolutionProperties) = preSolution
		HideSolutionNode = FALSE
	EndGlobalSection
	GlobalSection(ExtensibilityGlobals) = postSolution
		SolutionGuid = {16C30756-0FA8-47EE-A067-EF98F3D1EEA2}
	EndGlobalSection
EndGlobal
